
Microsoft Visual Studio Solution File, Format Version 12.00
# Visual Studio Version 17
VisualStudioVersion = 17.9.34622.214
MinimumVisualStudioVersion = 10.0.40219.1
Project("{9A19103F-16F7-4668-BE54-9A1E7A4F7556}") = "SecretFriendOrganizer.Api", "SecretFriendOrganizerApi\SecretFriendOrganizer.Api.csproj", "{14E9BEA2-7D80-484F-BA8B-6ADC54C68BE1}"
EndProject
Project("{2150E333-8FDC-42A3-9474-1A3956D46DE8}") = "Solution Items", "Solution Items", "{D5803559-5EBA-43E0-9788-482ED1E1CCAA}"
	ProjectSection(SolutionItems) = preProject
		docker-compose.yml = docker-compose.yml
		README.md = README.md
		infra\keycloak\realm-export.json = infra\keycloak\realm-export.json
	EndProjectSection
EndProject
Project("{9A19103F-16F7-4668-BE54-9A1E7A4F7556}") = "SecretFriendOrganizer.Domain", "SecretFriendOrganizer.Domain\SecretFriendOrganizer.Domain.csproj", "{6C38843C-1DF8-42C4-B260-F3EBC0CC6FB8}"
EndProject
Project("{9A19103F-16F7-4668-BE54-9A1E7A4F7556}") = "SecretFriendOrganizer.Application", "SecretFriendOrganizer.Application\SecretFriendOrganizer.Application.csproj", "{BE025F57-E529-4ED0-AA31-2CC8936A84B8}"
EndProject
Project("{9A19103F-16F7-4668-BE54-9A1E7A4F7556}") = "SecretFriendOrganizer.Infrastructure", "SecretFriendOrganizer.Infrastructure\SecretFriendOrganizer.Infrastructure.csproj", "{602D9310-5623-44A3-AB09-9AA75C3F90A0}"
EndProject
Project("{9A19103F-16F7-4668-BE54-9A1E7A4F7556}") = "SecretFriendOrganizer.Tests", "SecretFriendOrganizer.Tests\SecretFriendOrganizer.Tests.csproj", "{2812C2AD-2AA4-4241-A65D-393260A721C3}"
EndProject
Global
	GlobalSection(SolutionConfigurationPlatforms) = preSolution
		Debug|Any CPU = Debug|Any CPU
		Release|Any CPU = Release|Any CPU
	EndGlobalSection
	GlobalSection(ProjectConfigurationPlatforms) = postSolution
		{14E9BEA2-7D80-484F-BA8B-6ADC54C68BE1}.Debug|Any CPU.ActiveCfg = Debug|Any CPU
		{14E9BEA2-7D80-484F-BA8B-6ADC54C68BE1}.Debug|Any CPU.Build.0 = Debug|Any CPU
		{14E9BEA2-7D80-484F-BA8B-6ADC54C68BE1}.Release|Any CPU.ActiveCfg = Release|Any CPU
		{14E9BEA2-7D80-484F-BA8B-6ADC54C68BE1}.Release|Any CPU.Build.0 = Release|Any CPU
		{6C38843C-1DF8-42C4-B260-F3EBC0CC6FB8}.Debug|Any CPU.ActiveCfg = Debug|Any CPU
		{6C38843C-1DF8-42C4-B260-F3EBC0CC6FB8}.Debug|Any CPU.Build.0 = Debug|Any CPU
		{6C38843C-1DF8-42C4-B260-F3EBC0CC6FB8}.Release|Any CPU.ActiveCfg = Release|Any CPU
		{6C38843C-1DF8-42C4-B260-F3EBC0CC6FB8}.Release|Any CPU.Build.0 = Release|Any CPU
		{BE025F57-E529-4ED0-AA31-2CC8936A84B8}.Debug|Any CPU.ActiveCfg = Debug|Any CPU
		{BE025F57-E529-4ED0-AA31-2CC8936A84B8}.Debug|Any CPU.Build.0 = Debug|Any CPU
		{BE025F57-E529-4ED0-AA31-2CC8936A84B8}.Release|Any CPU.ActiveCfg = Release|Any CPU
		{BE025F57-E529-4ED0-AA31-2CC8936A84B8}.Release|Any CPU.Build.0 = Release|Any CPU
		{602D9310-5623-44A3-AB09-9AA75C3F90A0}.Debug|Any CPU.ActiveCfg = Debug|Any CPU
		{602D9310-5623-44A3-AB09-9AA75C3F90A0}.Debug|Any CPU.Build.0 = Debug|Any CPU
		{602D9310-5623-44A3-AB09-9AA75C3F90A0}.Release|Any CPU.ActiveCfg = Release|Any CPU
		{602D9310-5623-44A3-AB09-9AA75C3F90A0}.Release|Any CPU.Build.0 = Release|Any CPU
		{2812C2AD-2AA4-4241-A65D-393260A721C3}.Debug|Any CPU.ActiveCfg = Debug|Any CPU
		{2812C2AD-2AA4-4241-A65D-393260A721C3}.Debug|Any CPU.Build.0 = Debug|Any CPU
		{2812C2AD-2AA4-4241-A65D-393260A721C3}.Release|Any CPU.ActiveCfg = Release|Any CPU
		{2812C2AD-2AA4-4241-A65D-393260A721C3}.Release|Any CPU.Build.0 = Release|Any CPU
	EndGlobalSection
	GlobalSection(SolutionProperties) = preSolution
		HideSolutionNode = FALSE
	EndGlobalSection
	GlobalSection(ExtensibilityGlobals) = postSolution
		SolutionGuid = {12CB849C-C1FD-438D-AD9B-E1DDA105E0C7}
	EndGlobalSection
EndGlobal
